
Microsoft Visual Studio Solution File, Format Version 12.00
# Visual Studio Version 17
VisualStudioVersion = 17.8.34330.188
MinimumVisualStudioVersion = 10.0.40219.1
Project("{FAE04EC0-301F-11D3-BF4B-00C04F79EFBC}") = "CarFinancing", "CarFinancing.csproj", "{34DF6457-6293-44B5-8996-E1BDA5BAF95F}"
EndProject
Global
	GlobalSection(SolutionConfigurationPlatforms) = preSolution
		Debug|Any CPU = Debug|Any CPU
		Release|Any CPU = Release|Any CPU
	EndGlobalSection
	GlobalSection(ProjectConfigurationPlatforms) = postSolution
		{34DF6457-6293-44B5-8996-E1BDA5BAF95F}.Debug|Any CPU.ActiveCfg = Debug|Any CPU
		{34DF6457-6293-44B5-8996-E1BDA5BAF95F}.Debug|Any CPU.Build.0 = Debug|Any CPU
		{34DF6457-6293-44B5-8996-E1BDA5BAF95F}.Release|Any CPU.ActiveCfg = Release|Any CPU
		{34DF6457-6293-44B5-8996-E1BDA5BAF95F}.Release|Any CPU.Build.0 = Release|Any CPU
	EndGlobalSection
	GlobalSection(SolutionProperties) = preSolution
		HideSolutionNode = FALSE
	EndGlobalSection
	GlobalSection(ExtensibilityGlobals) = postSolution
		SolutionGuid = {CC179AFD-9BCB-44EE-92AF-8C94C2AFEF5C}
	EndGlobalSection
EndGlobal
